// !$*UTF8*$!
{
	archiveVersion = 1;
	classes = {
	};
	objectVersion = 46;
	objects = {

/* Begin PBXBuildFile section */
		18B0693A198F72EE004AE3D6 /* Foundation.framework in Frameworks */ = {isa = PBXBuildFile; fileRef = 18B06939198F72EE004AE3D6 /* Foundation.framework */; };
		18B06948198F72EE004AE3D6 /* XCTest.framework in Frameworks */ = {isa = PBXBuildFile; fileRef = 18B06947198F72EE004AE3D6 /* XCTest.framework */; };
		18B06949198F72EE004AE3D6 /* Foundation.framework in Frameworks */ = {isa = PBXBuildFile; fileRef = 18B06939198F72EE004AE3D6 /* Foundation.framework */; };
		18B0694B198F72EE004AE3D6 /* UIKit.framework in Frameworks */ = {isa = PBXBuildFile; fileRef = 18B0694A198F72EE004AE3D6 /* UIKit.framework */; };
		18B0694E198F72EF004AE3D6 /* libMJRefresh.a in Frameworks */ = {isa = PBXBuildFile; fileRef = 18B06936198F72EE004AE3D6 /* libMJRefresh.a */; };
		18B06954198F72EF004AE3D6 /* InfoPlist.strings in Resources */ = {isa = PBXBuildFile; fileRef = 18B06952198F72EF004AE3D6 /* InfoPlist.strings */; };
		18B06956198F72EF004AE3D6 /* MJRefreshTests.m in Sources */ = {isa = PBXBuildFile; fileRef = 18B06955198F72EF004AE3D6 /* MJRefreshTests.m */; };
		18B0696E198F7328004AE3D6 /* MJRefreshBaseView.m in Sources */ = {isa = PBXBuildFile; fileRef = 18B06961198F7328004AE3D6 /* MJRefreshBaseView.m */; };
		18B0696F198F7328004AE3D6 /* MJRefreshConst.m in Sources */ = {isa = PBXBuildFile; fileRef = 18B06963198F7328004AE3D6 /* MJRefreshConst.m */; };
		18B06970198F7328004AE3D6 /* MJRefreshFooterView.m in Sources */ = {isa = PBXBuildFile; fileRef = 18B06965198F7328004AE3D6 /* MJRefreshFooterView.m */; };
		18B06971198F7328004AE3D6 /* MJRefreshHeaderView.m in Sources */ = {isa = PBXBuildFile; fileRef = 18B06967198F7328004AE3D6 /* MJRefreshHeaderView.m */; };
		18B06972198F7328004AE3D6 /* UIScrollView+Extension.m in Sources */ = {isa = PBXBuildFile; fileRef = 18B06969198F7328004AE3D6 /* UIScrollView+Extension.m */; };
		18B06973198F7328004AE3D6 /* UIScrollView+MJRefresh.m in Sources */ = {isa = PBXBuildFile; fileRef = 18B0696B198F7328004AE3D6 /* UIScrollView+MJRefresh.m */; };
		18B06974198F7328004AE3D6 /* UIView+Extension.m in Sources */ = {isa = PBXBuildFile; fileRef = 18B0696D198F7328004AE3D6 /* UIView+Extension.m */; };
		18B06976198F7365004AE3D6 /* MJRefresh.h in Headers */ = {isa = PBXBuildFile; fileRef = 18B0695F198F7328004AE3D6 /* MJRefresh.h */; settings = {ATTRIBUTES = (Public, ); }; };
		18B06977198F7365004AE3D6 /* UIScrollView+MJRefresh.h in Headers */ = {isa = PBXBuildFile; fileRef = 18B0696A198F7328004AE3D6 /* UIScrollView+MJRefresh.h */; settings = {ATTRIBUTES = (Public, ); }; };
/* End PBXBuildFile section */

/* Begin PBXContainerItemProxy section */
		18B0694C198F72EF004AE3D6 /* PBXContainerItemProxy */ = {
			isa = PBXContainerItemProxy;
			containerPortal = 18B0692E198F72EE004AE3D6 /* Project object */;
			proxyType = 1;
			remoteGlobalIDString = 18B06935198F72EE004AE3D6;
			remoteInfo = MJRefresh;
		};
/* End PBXContainerItemProxy section */

/* Begin PBXCopyFilesBuildPhase section */
		18B06934198F72EE004AE3D6 /* CopyFiles */ = {
			isa = PBXCopyFilesBuildPhase;
			buildActionMask = 2147483647;
			dstPath = "include/$(PRODUCT_NAME)";
			dstSubfolderSpec = 16;
			files = (
			);
			runOnlyForDeploymentPostprocessing = 0;
		};
/* End PBXCopyFilesBuildPhase section */

/* Begin PBXFileReference section */
		18B06936198F72EE004AE3D6 /* libMJRefresh.a */ = {isa = PBXFileReference; explicitFileType = archive.ar; includeInIndex = 0; path = libMJRefresh.a; sourceTree = BUILT_PRODUCTS_DIR; };
		18B06939198F72EE004AE3D6 /* Foundation.framework */ = {isa = PBXFileReference; lastKnownFileType = wrapper.framework; name = Foundation.framework; path = System/Library/Frameworks/Foundation.framework; sourceTree = SDKROOT; };
		18B0693D198F72EE004AE3D6 /* MJRefresh-Prefix.pch */ = {isa = PBXFileReference; lastKnownFileType = sourcecode.c.h; path = "MJRefresh-Prefix.pch"; sourceTree = "<group>"; };
		18B06946198F72EE004AE3D6 /* MJRefreshTests.xctest */ = {isa = PBXFileReference; explicitFileType = wrapper.cfbundle; includeInIndex = 0; path = MJRefreshTests.xctest; sourceTree = BUILT_PRODUCTS_DIR; };
		18B06947198F72EE004AE3D6 /* XCTest.framework */ = {isa = PBXFileReference; lastKnownFileType = wrapper.framework; name = XCTest.framework; path = Library/Frameworks/XCTest.framework; sourceTree = DEVELOPER_DIR; };
		18B0694A198F72EE004AE3D6 /* UIKit.framework */ = {isa = PBXFileReference; lastKnownFileType = wrapper.framework; name = UIKit.framework; path = Library/Frameworks/UIKit.framework; sourceTree = DEVELOPER_DIR; };
		18B06951198F72EF004AE3D6 /* MJRefreshTests-Info.plist */ = {isa = PBXFileReference; lastKnownFileType = text.plist.xml; path = "MJRefreshTests-Info.plist"; sourceTree = "<group>"; };
		18B06953198F72EF004AE3D6 /* en */ = {isa = PBXFileReference; lastKnownFileType = text.plist.strings; name = en; path = en.lproj/InfoPlist.strings; sourceTree = "<group>"; };
		18B06955198F72EF004AE3D6 /* MJRefreshTests.m */ = {isa = PBXFileReference; lastKnownFileType = sourcecode.c.objc; path = MJRefreshTests.m; sourceTree = "<group>"; };
		18B0695F198F7328004AE3D6 /* MJRefresh.h */ = {isa = PBXFileReference; fileEncoding = 4; lastKnownFileType = sourcecode.c.h; path = MJRefresh.h; sourceTree = "<group>"; };
		18B06960198F7328004AE3D6 /* MJRefreshBaseView.h */ = {isa = PBXFileReference; fileEncoding = 4; lastKnownFileType = sourcecode.c.h; path = MJRefreshBaseView.h; sourceTree = "<group>"; };
		18B06961198F7328004AE3D6 /* MJRefreshBaseView.m */ = {isa = PBXFileReference; fileEncoding = 4; lastKnownFileType = sourcecode.c.objc; path = MJRefreshBaseView.m; sourceTree = "<group>"; };
		18B06962198F7328004AE3D6 /* MJRefreshConst.h */ = {isa = PBXFileReference; fileEncoding = 4; lastKnownFileType = sourcecode.c.h; path = MJRefreshConst.h; sourceTree = "<group>"; };
		18B06963198F7328004AE3D6 /* MJRefreshConst.m */ = {isa = PBXFileReference; fileEncoding = 4; lastKnownFileType = sourcecode.c.objc; path = MJRefreshConst.m; sourceTree = "<group>"; };
		18B06964198F7328004AE3D6 /* MJRefreshFooterView.h */ = {isa = PBXFileReference; fileEncoding = 4; lastKnownFileType = sourcecode.c.h; path = MJRefreshFooterView.h; sourceTree = "<group>"; };
		18B06965198F7328004AE3D6 /* MJRefreshFooterView.m */ = {isa = PBXFileReference; fileEncoding = 4; lastKnownFileType = sourcecode.c.objc; path = MJRefreshFooterView.m; sourceTree = "<group>"; };
		18B06966198F7328004AE3D6 /* MJRefreshHeaderView.h */ = {isa = PBXFileReference; fileEncoding = 4; lastKnownFileType = sourcecode.c.h; path = MJRefreshHeaderView.h; sourceTree = "<group>"; };
		18B06967198F7328004AE3D6 /* MJRefreshHeaderView.m */ = {isa = PBXFileReference; fileEncoding = 4; lastKnownFileType = sourcecode.c.objc; path = MJRefreshHeaderView.m; sourceTree = "<group>"; };
		18B06968198F7328004AE3D6 /* UIScrollView+Extension.h */ = {isa = PBXFileReference; fileEncoding = 4; lastKnownFileType = sourcecode.c.h; path = "UIScrollView+Extension.h"; sourceTree = "<group>"; };
		18B06969198F7328004AE3D6 /* UIScrollView+Extension.m */ = {isa = PBXFileReference; fileEncoding = 4; lastKnownFileType = sourcecode.c.objc; path = "UIScrollView+Extension.m"; sourceTree = "<group>"; };
		18B0696A198F7328004AE3D6 /* UIScrollView+MJRefresh.h */ = {isa = PBXFileReference; fileEncoding = 4; lastKnownFileType = sourcecode.c.h; path = "UIScrollView+MJRefresh.h"; sourceTree = "<group>"; };
		18B0696B198F7328004AE3D6 /* UIScrollView+MJRefresh.m */ = {isa = PBXFileReference; fileEncoding = 4; lastKnownFileType = sourcecode.c.objc; path = "UIScrollView+MJRefresh.m"; sourceTree = "<group>"; };
		18B0696C198F7328004AE3D6 /* UIView+Extension.h */ = {isa = PBXFileReference; fileEncoding = 4; lastKnownFileType = sourcecode.c.h; path = "UIView+Extension.h"; sourceTree = "<group>"; };
		18B0696D198F7328004AE3D6 /* UIView+Extension.m */ = {isa = PBXFileReference; fileEncoding = 4; lastKnownFileType = sourcecode.c.objc; path = "UIView+Extension.m"; sourceTree = "<group>"; };
/* End PBXFileReference section */

/* Begin PBXFrameworksBuildPhase section */
		18B06933198F72EE004AE3D6 /* Frameworks */ = {
			isa = PBXFrameworksBuildPhase;
			buildActionMask = 2147483647;
			files = (
				18B0693A198F72EE004AE3D6 /* Foundation.framework in Frameworks */,
			);
			runOnlyForDeploymentPostprocessing = 0;
		};
		18B06943198F72EE004AE3D6 /* Frameworks */ = {
			isa = PBXFrameworksBuildPhase;
			buildActionMask = 2147483647;
			files = (
				18B06948198F72EE004AE3D6 /* XCTest.framework in Frameworks */,
				18B0694B198F72EE004AE3D6 /* UIKit.framework in Frameworks */,
				18B0694E198F72EF004AE3D6 /* libMJRefresh.a in Frameworks */,
				18B06949198F72EE004AE3D6 /* Foundation.framework in Frameworks */,
			);
			runOnlyForDeploymentPostprocessing = 0;
		};
/* End PBXFrameworksBuildPhase section */

/* Begin PBXGroup section */
		18B0692D198F72EE004AE3D6 = {
			isa = PBXGroup;
			children = (
				18B0693B198F72EE004AE3D6 /* MJRefresh */,
				18B0694F198F72EF004AE3D6 /* MJRefreshTests */,
				18B06938198F72EE004AE3D6 /* Frameworks */,
				18B06937198F72EE004AE3D6 /* Products */,
			);
			sourceTree = "<group>";
		};
		18B06937198F72EE004AE3D6 /* Products */ = {
			isa = PBXGroup;
			children = (
				18B06936198F72EE004AE3D6 /* libMJRefresh.a */,
				18B06946198F72EE004AE3D6 /* MJRefreshTests.xctest */,
			);
			name = Products;
			sourceTree = "<group>";
		};
		18B06938198F72EE004AE3D6 /* Frameworks */ = {
			isa = PBXGroup;
			children = (
				18B06939198F72EE004AE3D6 /* Foundation.framework */,
				18B06947198F72EE004AE3D6 /* XCTest.framework */,
				18B0694A198F72EE004AE3D6 /* UIKit.framework */,
			);
			name = Frameworks;
			sourceTree = "<group>";
		};
		18B0693B198F72EE004AE3D6 /* MJRefresh */ = {
			isa = PBXGroup;
			children = (
				18B0695F198F7328004AE3D6 /* MJRefresh.h */,
				18B06960198F7328004AE3D6 /* MJRefreshBaseView.h */,
				18B06961198F7328004AE3D6 /* MJRefreshBaseView.m */,
				18B06962198F7328004AE3D6 /* MJRefreshConst.h */,
				18B06963198F7328004AE3D6 /* MJRefreshConst.m */,
				18B06964198F7328004AE3D6 /* MJRefreshFooterView.h */,
				18B06965198F7328004AE3D6 /* MJRefreshFooterView.m */,
				18B06966198F7328004AE3D6 /* MJRefreshHeaderView.h */,
				18B06967198F7328004AE3D6 /* MJRefreshHeaderView.m */,
				18B06968198F7328004AE3D6 /* UIScrollView+Extension.h */,
				18B06969198F7328004AE3D6 /* UIScrollView+Extension.m */,
				18B0696A198F7328004AE3D6 /* UIScrollView+MJRefresh.h */,
				18B0696B198F7328004AE3D6 /* UIScrollView+MJRefresh.m */,
				18B0696C198F7328004AE3D6 /* UIView+Extension.h */,
				18B0696D198F7328004AE3D6 /* UIView+Extension.m */,
				18B0693C198F72EE004AE3D6 /* Supporting Files */,
			);
			path = MJRefresh;
			sourceTree = "<group>";
		};
		18B0693C198F72EE004AE3D6 /* Supporting Files */ = {
			isa = PBXGroup;
			children = (
				18B0693D198F72EE004AE3D6 /* MJRefresh-Prefix.pch */,
			);
			name = "Supporting Files";
			sourceTree = "<group>";
		};
		18B0694F198F72EF004AE3D6 /* MJRefreshTests */ = {
			isa = PBXGroup;
			children = (
				18B06955198F72EF004AE3D6 /* MJRefreshTests.m */,
				18B06950198F72EF004AE3D6 /* Supporting Files */,
			);
			path = MJRefreshTests;
			sourceTree = "<group>";
		};
		18B06950198F72EF004AE3D6 /* Supporting Files */ = {
			isa = PBXGroup;
			children = (
				18B06951198F72EF004AE3D6 /* MJRefreshTests-Info.plist */,
				18B06952198F72EF004AE3D6 /* InfoPlist.strings */,
			);
			name = "Supporting Files";
			sourceTree = "<group>";
		};
/* End PBXGroup section */

/* Begin PBXHeadersBuildPhase section */
		18B06975198F7357004AE3D6 /* Headers */ = {
			isa = PBXHeadersBuildPhase;
			buildActionMask = 2147483647;
			files = (
				18B06976198F7365004AE3D6 /* MJRefresh.h in Headers */,
				18B06977198F7365004AE3D6 /* UIScrollView+MJRefresh.h in Headers */,
			);
			runOnlyForDeploymentPostprocessing = 0;
		};
/* End PBXHeadersBuildPhase section */

/* Begin PBXNativeTarget section */
		18B06935198F72EE004AE3D6 /* MJRefresh */ = {
			isa = PBXNativeTarget;
			buildConfigurationList = 18B06959198F72EF004AE3D6 /* Build configuration list for PBXNativeTarget "MJRefresh" */;
			buildPhases = (
				18B06932198F72EE004AE3D6 /* Sources */,
				18B06933198F72EE004AE3D6 /* Frameworks */,
				18B06934198F72EE004AE3D6 /* CopyFiles */,
				18B06975198F7357004AE3D6 /* Headers */,
			);
			buildRules = (
			);
			dependencies = (
			);
			name = MJRefresh;
			productName = MJRefresh;
			productReference = 18B06936198F72EE004AE3D6 /* libMJRefresh.a */;
			productType = "com.apple.product-type.library.static";
		};
		18B06945198F72EE004AE3D6 /* MJRefreshTests */ = {
			isa = PBXNativeTarget;
			buildConfigurationList = 18B0695C198F72EF004AE3D6 /* Build configuration list for PBXNativeTarget "MJRefreshTests" */;
			buildPhases = (
				18B06942198F72EE004AE3D6 /* Sources */,
				18B06943198F72EE004AE3D6 /* Frameworks */,
				18B06944198F72EE004AE3D6 /* Resources */,
			);
			buildRules = (
			);
			dependencies = (
				18B0694D198F72EF004AE3D6 /* PBXTargetDependency */,
			);
			name = MJRefreshTests;
			productName = MJRefreshTests;
			productReference = 18B06946198F72EE004AE3D6 /* MJRefreshTests.xctest */;
			productType = "com.apple.product-type.bundle.unit-test";
		};
/* End PBXNativeTarget section */

/* Begin PBXProject section */
		18B0692E198F72EE004AE3D6 /* Project object */ = {
			isa = PBXProject;
			attributes = {
				LastUpgradeCheck = 0510;
				ORGANIZATIONNAME = heima;
			};
			buildConfigurationList = 18B06931198F72EE004AE3D6 /* Build configuration list for PBXProject "MJRefresh" */;
			compatibilityVersion = "Xcode 3.2";
			developmentRegion = English;
			hasScannedForEncodings = 0;
			knownRegions = (
				en,
			);
			mainGroup = 18B0692D198F72EE004AE3D6;
			productRefGroup = 18B06937198F72EE004AE3D6 /* Products */;
			projectDirPath = "";
			projectRoot = "";
			targets = (
				18B06935198F72EE004AE3D6 /* MJRefresh */,
				18B06945198F72EE004AE3D6 /* MJRefreshTests */,
			);
		};
/* End PBXProject section */

/* Begin PBXResourcesBuildPhase section */
		18B06944198F72EE004AE3D6 /* Resources */ = {
			isa = PBXResourcesBuildPhase;
			buildActionMask = 2147483647;
			files = (
				18B06954198F72EF004AE3D6 /* InfoPlist.strings in Resources */,
			);
			runOnlyForDeploymentPostprocessing = 0;
		};
/* End PBXResourcesBuildPhase section */

/* Begin PBXSourcesBuildPhase section */
		18B06932198F72EE004AE3D6 /* Sources */ = {
			isa = PBXSourcesBuildPhase;
			buildActionMask = 2147483647;
			files = (
				18B06970198F7328004AE3D6 /* MJRefreshFooterView.m in Sources */,
				18B0696F198F7328004AE3D6 /* MJRefreshConst.m in Sources */,
				18B06973198F7328004AE3D6 /* UIScrollView+MJRefresh.m in Sources */,
				18B06974198F7328004AE3D6 /* UIView+Extension.m in Sources */,
				18B06971198F7328004AE3D6 /* MJRefreshHeaderView.m in Sources */,
				18B06972198F7328004AE3D6 /* UIScrollView+Extension.m in Sources */,
				18B0696E198F7328004AE3D6 /* MJRefreshBaseView.m in Sources */,
			);
			runOnlyForDeploymentPostprocessing = 0;
		};
		18B06942198F72EE004AE3D6 /* Sources */ = {
			isa = PBXSourcesBuildPhase;
			buildActionMask = 2147483647;
			files = (
				18B06956198F72EF004AE3D6 /* MJRefreshTests.m in Sources */,
			);
			runOnlyForDeploymentPostprocessing = 0;
		};
/* End PBXSourcesBuildPhase section */

/* Begin PBXTargetDependency section */
		18B0694D198F72EF004AE3D6 /* PBXTargetDependency */ = {
			isa = PBXTargetDependency;
			target = 18B06935198F72EE004AE3D6 /* MJRefresh */;
			targetProxy = 18B0694C198F72EF004AE3D6 /* PBXContainerItemProxy */;
		};
/* End PBXTargetDependency section */

/* Begin PBXVariantGroup section */
		18B06952198F72EF004AE3D6 /* InfoPlist.strings */ = {
			isa = PBXVariantGroup;
			children = (
				18B06953198F72EF004AE3D6 /* en */,
			);
			name = InfoPlist.strings;
			sourceTree = "<group>";
		};
/* End PBXVariantGroup section */

/* Begin XCBuildConfiguration section */
		18B06957198F72EF004AE3D6 /* Debug */ = {
			isa = XCBuildConfiguration;
			buildSettings = {
				ALWAYS_SEARCH_USER_PATHS = NO;
				CLANG_CXX_LANGUAGE_STANDARD = "gnu++0x";
				CLANG_CXX_LIBRARY = "libc++";
				CLANG_ENABLE_MODULES = YES;
				CLANG_ENABLE_OBJC_ARC = YES;
				CLANG_WARN_BOOL_CONVERSION = YES;
				CLANG_WARN_CONSTANT_CONVERSION = YES;
				CLANG_WARN_DIRECT_OBJC_ISA_USAGE = YES_ERROR;
				CLANG_WARN_EMPTY_BODY = YES;
				CLANG_WARN_ENUM_CONVERSION = YES;
				CLANG_WARN_INT_CONVERSION = YES;
				CLANG_WARN_OBJC_ROOT_CLASS = YES_ERROR;
				CLANG_WARN__DUPLICATE_METHOD_MATCH = YES;
				COPY_PHASE_STRIP = NO;
				GCC_C_LANGUAGE_STANDARD = gnu99;
				GCC_DYNAMIC_NO_PIC = NO;
				GCC_OPTIMIZATION_LEVEL = 0;
				GCC_PREPROCESSOR_DEFINITIONS = (
					"DEBUG=1",
					"$(inherited)",
				);
				GCC_SYMBOLS_PRIVATE_EXTERN = NO;
				GCC_WARN_64_TO_32_BIT_CONVERSION = YES;
				GCC_WARN_ABOUT_RETURN_TYPE = YES_ERROR;
				GCC_WARN_UNDECLARED_SELECTOR = YES;
				GCC_WARN_UNINITIALIZED_AUTOS = YES_AGGRESSIVE;
				GCC_WARN_UNUSED_FUNCTION = YES;
				GCC_WARN_UNUSED_VARIABLE = YES;
				IPHONEOS_DEPLOYMENT_TARGET = 7.1;
				ONLY_ACTIVE_ARCH = YES;
				SDKROOT = iphoneos;
			};
			name = Debug;
		};
		18B06958198F72EF004AE3D6 /* Release */ = {
			isa = XCBuildConfiguration;
			buildSettings = {
				ALWAYS_SEARCH_USER_PATHS = NO;
				CLANG_CXX_LANGUAGE_STANDARD = "gnu++0x";
				CLANG_CXX_LIBRARY = "libc++";
				CLANG_ENABLE_MODULES = YES;
				CLANG_ENABLE_OBJC_ARC = YES;
				CLANG_WARN_BOOL_CONVERSION = YES;
				CLANG_WARN_CONSTANT_CONVERSION = YES;
				CLANG_WARN_DIRECT_OBJC_ISA_USAGE = YES_ERROR;
				CLANG_WARN_EMPTY_BODY = YES;
				CLANG_WARN_ENUM_CONVERSION = YES;
				CLANG_WARN_INT_CONVERSION = YES;
				CLANG_WARN_OBJC_ROOT_CLASS = YES_ERROR;
				CLANG_WARN__DUPLICATE_METHOD_MATCH = YES;
				COPY_PHASE_STRIP = YES;
				ENABLE_NS_ASSERTIONS = NO;
				GCC_C_LANGUAGE_STANDARD = gnu99;
				GCC_WARN_64_TO_32_BIT_CONVERSION = YES;
				GCC_WARN_ABOUT_RETURN_TYPE = YES_ERROR;
				GCC_WARN_UNDECLARED_SELECTOR = YES;
				GCC_WARN_UNINITIALIZED_AUTOS = YES_AGGRESSIVE;
				GCC_WARN_UNUSED_FUNCTION = YES;
				GCC_WARN_UNUSED_VARIABLE = YES;
				IPHONEOS_DEPLOYMENT_TARGET = 7.1;
				SDKROOT = iphoneos;
				VALIDATE_PRODUCT = YES;
			};
			name = Release;
		};
		18B0695A198F72EF004AE3D6 /* Debug */ = {
			isa = XCBuildConfiguration;
			buildSettings = {
				DSTROOT = /tmp/MJRefresh.dst;
				GCC_PRECOMPILE_PREFIX_HEADER = YES;
				GCC_PREFIX_HEADER = "MJRefresh/MJRefresh-Prefix.pch";
				OTHER_LDFLAGS = "-ObjC";
				PRODUCT_NAME = "$(TARGET_NAME)";
				SKIP_INSTALL = YES;
			};
			name = Debug;
		};
		18B0695B198F72EF004AE3D6 /* Release */ = {
			isa = XCBuildConfiguration;
			buildSettings = {
				DSTROOT = /tmp/MJRefresh.dst;
				GCC_PRECOMPILE_PREFIX_HEADER = YES;
				GCC_PREFIX_HEADER = "MJRefresh/MJRefresh-Prefix.pch";
				OTHER_LDFLAGS = "-ObjC";
				PRODUCT_NAME = "$(TARGET_NAME)";
				SKIP_INSTALL = YES;
			};
			name = Release;
		};
		18B0695D198F72EF004AE3D6 /* Debug */ = {
			isa = XCBuildConfiguration;
			buildSettings = {
				FRAMEWORK_SEARCH_PATHS = (
					"$(SDKROOT)/Developer/Library/Frameworks",
					"$(inherited)",
					"$(DEVELOPER_FRAMEWORKS_DIR)",
				);
				GCC_PRECOMPILE_PREFIX_HEADER = YES;
				GCC_PREFIX_HEADER = "MJRefresh/MJRefresh-Prefix.pch";
				GCC_PREPROCESSOR_DEFINITIONS = (
					"DEBUG=1",
					"$(inherited)",
				);
				INFOPLIST_FILE = "MJRefreshTests/MJRefreshTests-Info.plist";
				PRODUCT_NAME = "$(TARGET_NAME)";
				WRAPPER_EXTENSION = xctest;
			};
			name = Debug;
		};
		18B0695E198F72EF004AE3D6 /* Release */ = {
			isa = XCBuildConfiguration;
			buildSettings = {
				FRAMEWORK_SEARCH_PATHS = (
					"$(SDKROOT)/Developer/Library/Frameworks",
					"$(inherited)",
					"$(DEVELOPER_FRAMEWORKS_DIR)",
				);
				GCC_PRECOMPILE_PREFIX_HEADER = YES;
				GCC_PREFIX_HEADER = "MJRefresh/MJRefresh-Prefix.pch";
				INFOPLIST_FILE = "MJRefreshTests/MJRefreshTests-Info.plist";
				PRODUCT_NAME = "$(TARGET_NAME)";
				WRAPPER_EXTENSION = xctest;
			};
			name = Release;
		};
/* End XCBuildConfiguration section */

/* Begin XCConfigurationList section */
		18B06931198F72EE004AE3D6 /* Build configuration list for PBXProject "MJRefresh" */ = {
			isa = XCConfigurationList;
			buildConfigurations = (
				18B06957198F72EF004AE3D6 /* Debug */,
				18B06958198F72EF004AE3D6 /* Release */,
			);
			defaultConfigurationIsVisible = 0;
			defaultConfigurationName = Release;
		};
		18B06959198F72EF004AE3D6 /* Build configuration list for PBXNativeTarget "MJRefresh" */ = {
			isa = XCConfigurationList;
			buildConfigurations = (
				18B0695A198F72EF004AE3D6 /* Debug */,
				18B0695B198F72EF004AE3D6 /* Release */,
			);
			defaultConfigurationIsVisible = 0;
		};
		18B0695C198F72EF004AE3D6 /* Build configuration list for PBXNativeTarget "MJRefreshTests" */ = {
			isa = XCConfigurationList;
			buildConfigurations = (
				18B0695D198F72EF004AE3D6 /* Debug */,
				18B0695E198F72EF004AE3D6 /* Release */,
			);
			defaultConfigurationIsVisible = 0;
		};
/* End XCConfigurationList section */
	};
	rootObject = 18B0692E198F72EE004AE3D6 /* Project object */;
}
